
Microsoft Visual Studio Solution File, Format Version 12.00
# Visual Studio Version 17
VisualStudioVersion = 17.1.32421.90
MinimumVisualStudioVersion = 10.0.40219.1
Project("{FAE04EC0-301F-11D3-BF4B-00C04F79EFBC}") = "AluguelQuartos", "AluguelQuartos\AluguelQuartos.csproj", "{64B3909F-8290-49CC-9537-5F6D5003DCF0}"
EndProject
Global
	GlobalSection(SolutionConfigurationPlatforms) = preSolution
		Debug|Any CPU = Debug|Any CPU
		Release|Any CPU = Release|Any CPU
	EndGlobalSection
	GlobalSection(ProjectConfigurationPlatforms) = postSolution
		{64B3909F-8290-49CC-9537-5F6D5003DCF0}.Debug|Any CPU.ActiveCfg = Debug|Any CPU
		{64B3909F-8290-49CC-9537-5F6D5003DCF0}.Debug|Any CPU.Build.0 = Debug|Any CPU
		{64B3909F-8290-49CC-9537-5F6D5003DCF0}.Release|Any CPU.ActiveCfg = Release|Any CPU
		{64B3909F-8290-49CC-9537-5F6D5003DCF0}.Release|Any CPU.Build.0 = Release|Any CPU
	EndGlobalSection
	GlobalSection(SolutionProperties) = preSolution
		HideSolutionNode = FALSE
	EndGlobalSection
	GlobalSection(ExtensibilityGlobals) = postSolution
		SolutionGuid = {096DD12A-B778-4FBF-9C9B-DE1FB58152F8}
	EndGlobalSection
EndGlobal
