
Microsoft Visual Studio Solution File, Format Version 12.00
# Visual Studio Version 17
VisualStudioVersion = 17.1.32421.90
MinimumVisualStudioVersion = 10.0.40219.1
Project("{FAE04EC0-301F-11D3-BF4B-00C04F79EFBC}") = "Atv_Fixacao_Saida_de_Dados", "Atv_Fixacao_Saida_de_Dados\Atv_Fixacao_Saida_de_Dados.csproj", "{2E56A69A-62AC-4C5F-BF81-6508F2DA5A3B}"
EndProject
Global
	GlobalSection(SolutionConfigurationPlatforms) = preSolution
		Debug|Any CPU = Debug|Any CPU
		Release|Any CPU = Release|Any CPU
	EndGlobalSection
	GlobalSection(ProjectConfigurationPlatforms) = postSolution
		{2E56A69A-62AC-4C5F-BF81-6508F2DA5A3B}.Debug|Any CPU.ActiveCfg = Debug|Any CPU
		{2E56A69A-62AC-4C5F-BF81-6508F2DA5A3B}.Debug|Any CPU.Build.0 = Debug|Any CPU
		{2E56A69A-62AC-4C5F-BF81-6508F2DA5A3B}.Release|Any CPU.ActiveCfg = Release|Any CPU
		{2E56A69A-62AC-4C5F-BF81-6508F2DA5A3B}.Release|Any CPU.Build.0 = Release|Any CPU
	EndGlobalSection
	GlobalSection(SolutionProperties) = preSolution
		HideSolutionNode = FALSE
	EndGlobalSection
	GlobalSection(ExtensibilityGlobals) = postSolution
		SolutionGuid = {89EAD380-74AA-462B-9214-808B2450441F}
	EndGlobalSection
EndGlobal
