
Microsoft Visual Studio Solution File, Format Version 12.00
# Visual Studio Version 17
VisualStudioVersion = 17.1.32421.90
MinimumVisualStudioVersion = 10.0.40219.1
Project("{FAE04EC0-301F-11D3-BF4B-00C04F79EFBC}") = "RegistroFuncionarios", "RegistroFuncionarios\RegistroFuncionarios.csproj", "{08D6DFA6-CBA0-4C74-8BF3-6FD6D302545B}"
EndProject
Global
	GlobalSection(SolutionConfigurationPlatforms) = preSolution
		Debug|Any CPU = Debug|Any CPU
		Release|Any CPU = Release|Any CPU
	EndGlobalSection
	GlobalSection(ProjectConfigurationPlatforms) = postSolution
		{08D6DFA6-CBA0-4C74-8BF3-6FD6D302545B}.Debug|Any CPU.ActiveCfg = Debug|Any CPU
		{08D6DFA6-CBA0-4C74-8BF3-6FD6D302545B}.Debug|Any CPU.Build.0 = Debug|Any CPU
		{08D6DFA6-CBA0-4C74-8BF3-6FD6D302545B}.Release|Any CPU.ActiveCfg = Release|Any CPU
		{08D6DFA6-CBA0-4C74-8BF3-6FD6D302545B}.Release|Any CPU.Build.0 = Release|Any CPU
	EndGlobalSection
	GlobalSection(SolutionProperties) = preSolution
		HideSolutionNode = FALSE
	EndGlobalSection
	GlobalSection(ExtensibilityGlobals) = postSolution
		SolutionGuid = {681996CD-587A-447E-8D1C-0FE0D540D256}
	EndGlobalSection
EndGlobal
