
Microsoft Visual Studio Solution File, Format Version 12.00
# Visual Studio Version 17
VisualStudioVersion = 17.1.32421.90
MinimumVisualStudioVersion = 10.0.40219.1
Project("{FAE04EC0-301F-11D3-BF4B-00C04F79EFBC}") = "ContaException", "ContaException\ContaException.csproj", "{BBB5AD4C-8A7B-483C-884B-B3D1C3411714}"
EndProject
Global
	GlobalSection(SolutionConfigurationPlatforms) = preSolution
		Debug|Any CPU = Debug|Any CPU
		Release|Any CPU = Release|Any CPU
	EndGlobalSection
	GlobalSection(ProjectConfigurationPlatforms) = postSolution
		{BBB5AD4C-8A7B-483C-884B-B3D1C3411714}.Debug|Any CPU.ActiveCfg = Debug|Any CPU
		{BBB5AD4C-8A7B-483C-884B-B3D1C3411714}.Debug|Any CPU.Build.0 = Debug|Any CPU
		{BBB5AD4C-8A7B-483C-884B-B3D1C3411714}.Release|Any CPU.ActiveCfg = Release|Any CPU
		{BBB5AD4C-8A7B-483C-884B-B3D1C3411714}.Release|Any CPU.Build.0 = Release|Any CPU
	EndGlobalSection
	GlobalSection(SolutionProperties) = preSolution
		HideSolutionNode = FALSE
	EndGlobalSection
	GlobalSection(ExtensibilityGlobals) = postSolution
		SolutionGuid = {05B6140C-7B7B-4804-9FAE-682A083770EA}
	EndGlobalSection
EndGlobal
