
Microsoft Visual Studio Solution File, Format Version 12.00
# Visual Studio Version 17
VisualStudioVersion = 17.1.32421.90
MinimumVisualStudioVersion = 10.0.40219.1
Project("{FAE04EC0-301F-11D3-BF4B-00C04F79EFBC}") = "somaValores", "somaValores\somaValores.csproj", "{83430880-C255-4903-B34E-70EC3ACEEA8E}"
EndProject
Global
	GlobalSection(SolutionConfigurationPlatforms) = preSolution
		Debug|Any CPU = Debug|Any CPU
		Release|Any CPU = Release|Any CPU
	EndGlobalSection
	GlobalSection(ProjectConfigurationPlatforms) = postSolution
		{83430880-C255-4903-B34E-70EC3ACEEA8E}.Debug|Any CPU.ActiveCfg = Debug|Any CPU
		{83430880-C255-4903-B34E-70EC3ACEEA8E}.Debug|Any CPU.Build.0 = Debug|Any CPU
		{83430880-C255-4903-B34E-70EC3ACEEA8E}.Release|Any CPU.ActiveCfg = Release|Any CPU
		{83430880-C255-4903-B34E-70EC3ACEEA8E}.Release|Any CPU.Build.0 = Release|Any CPU
	EndGlobalSection
	GlobalSection(SolutionProperties) = preSolution
		HideSolutionNode = FALSE
	EndGlobalSection
	GlobalSection(ExtensibilityGlobals) = postSolution
		SolutionGuid = {3F15373F-27A5-4300-81C7-9BC618880BB6}
	EndGlobalSection
EndGlobal
